
Microsoft Visual Studio Solution File, Format Version 12.00
# Visual Studio 15
VisualStudioVersion = 15.0.28307.271
MinimumVisualStudioVersion = 10.0.40219.1
Project("{8BC9CEB8-8B4A-11D0-8D11-00A0C91BC942}") = "class 5 (operator overload)", "class 5 (operator overload)\class 5 (operator overload).vcxproj", "{D61F8C5D-5A8D-43BF-8DC2-E9996260521C}"
EndProject
Global
	GlobalSection(SolutionConfigurationPlatforms) = preSolution
		Debug|x64 = Debug|x64
		Debug|x86 = Debug|x86
		Release|x64 = Release|x64
		Release|x86 = Release|x86
	EndGlobalSection
	GlobalSection(ProjectConfigurationPlatforms) = postSolution
		{D61F8C5D-5A8D-43BF-8DC2-E9996260521C}.Debug|x64.ActiveCfg = Debug|x64
		{D61F8C5D-5A8D-43BF-8DC2-E9996260521C}.Debug|x64.Build.0 = Debug|x64
		{D61F8C5D-5A8D-43BF-8DC2-E9996260521C}.Debug|x86.ActiveCfg = Debug|Win32
		{D61F8C5D-5A8D-43BF-8DC2-E9996260521C}.Debug|x86.Build.0 = Debug|Win32
		{D61F8C5D-5A8D-43BF-8DC2-E9996260521C}.Release|x64.ActiveCfg = Release|x64
		{D61F8C5D-5A8D-43BF-8DC2-E9996260521C}.Release|x64.Build.0 = Release|x64
		{D61F8C5D-5A8D-43BF-8DC2-E9996260521C}.Release|x86.ActiveCfg = Release|Win32
		{D61F8C5D-5A8D-43BF-8DC2-E9996260521C}.Release|x86.Build.0 = Release|Win32
	EndGlobalSection
	GlobalSection(SolutionProperties) = preSolution
		HideSolutionNode = FALSE
	EndGlobalSection
	GlobalSection(ExtensibilityGlobals) = postSolution
		SolutionGuid = {BC4D5AF0-AD49-4DC2-84F7-9B0A2C73862D}
	EndGlobalSection
EndGlobal
